// !$*UTF8*$!
{
	archiveVersion = 1;
	classes = {
	};
	objectVersion = 50;
	objects = {

/* Begin PBXBuildFile section */
		8D34EF7123E4818900E37F4D /* AppDelegate.swift in Sources */ = {isa = PBXBuildFile; fileRef = 8D34EF7023E4818900E37F4D /* AppDelegate.swift */; };
		8D34EF7323E4818900E37F4D /* SceneDelegate.swift in Sources */ = {isa = PBXBuildFile; fileRef = 8D34EF7223E4818900E37F4D /* SceneDelegate.swift */; };
		8D34EF7523E4818900E37F4D /* ViewController.swift in Sources */ = {isa = PBXBuildFile; fileRef = 8D34EF7423E4818900E37F4D /* ViewController.swift */; };
		8D34EF7823E4818900E37F4D /* Main.storyboard in Resources */ = {isa = PBXBuildFile; fileRef = 8D34EF7623E4818900E37F4D /* Main.storyboard */; };
		8D34EF7A23E4818A00E37F4D /* Assets.xcassets in Resources */ = {isa = PBXBuildFile; fileRef = 8D34EF7923E4818A00E37F4D /* Assets.xcassets */; };
		8D34EF7D23E4818A00E37F4D /* LaunchScreen.storyboard in Resources */ = {isa = PBXBuildFile; fileRef = 8D34EF7B23E4818A00E37F4D /* LaunchScreen.storyboard */; };
		8D34EF8823E4818A00E37F4D /* windowshopperappTests.swift in Sources */ = {isa = PBXBuildFile; fileRef = 8D34EF8723E4818A00E37F4D /* windowshopperappTests.swift */; };
		8D34EF9323E4818A00E37F4D /* windowshopperappUITests.swift in Sources */ = {isa = PBXBuildFile; fileRef = 8D34EF9223E4818A00E37F4D /* windowshopperappUITests.swift */; };
		8D34EFA323E4834D00E37F4D /* CurrencyTextField.swift in Sources */ = {isa = PBXBuildFile; fileRef = 8D34EFA223E4834D00E37F4D /* CurrencyTextField.swift */; };
		8D34EFA623E48A1A00E37F4D /* Wage.swift in Sources */ = {isa = PBXBuildFile; fileRef = 8D34EFA523E48A1A00E37F4D /* Wage.swift */; };
		8D34EFA723E48B7D00E37F4D /* Wage.swift in Sources */ = {isa = PBXBuildFile; fileRef = 8D34EFA523E48A1A00E37F4D /* Wage.swift */; };
		8D34EFA823E48B7E00E37F4D /* Wage.swift in Sources */ = {isa = PBXBuildFile; fileRef = 8D34EFA523E48A1A00E37F4D /* Wage.swift */; };
/* End PBXBuildFile section */

/* Begin PBXContainerItemProxy section */
		8D34EF8423E4818A00E37F4D /* PBXContainerItemProxy */ = {
			isa = PBXContainerItemProxy;
			containerPortal = 8D34EF6523E4818900E37F4D /* Project object */;
			proxyType = 1;
			remoteGlobalIDString = 8D34EF6C23E4818900E37F4D;
			remoteInfo = windowshopperapp;
		};
		8D34EF8F23E4818A00E37F4D /* PBXContainerItemProxy */ = {
			isa = PBXContainerItemProxy;
			containerPortal = 8D34EF6523E4818900E37F4D /* Project object */;
			proxyType = 1;
			remoteGlobalIDString = 8D34EF6C23E4818900E37F4D;
			remoteInfo = windowshopperapp;
		};
/* End PBXContainerItemProxy section */

/* Begin PBXFileReference section */
		8D34EF6D23E4818900E37F4D /* windowshopperapp.app */ = {isa = PBXFileReference; explicitFileType = wrapper.application; includeInIndex = 0; path = windowshopperapp.app; sourceTree = BUILT_PRODUCTS_DIR; };
		8D34EF7023E4818900E37F4D /* AppDelegate.swift */ = {isa = PBXFileReference; lastKnownFileType = sourcecode.swift; path = AppDelegate.swift; sourceTree = "<group>"; };
		8D34EF7223E4818900E37F4D /* SceneDelegate.swift */ = {isa = PBXFileReference; lastKnownFileType = sourcecode.swift; path = SceneDelegate.swift; sourceTree = "<group>"; };
		8D34EF7423E4818900E37F4D /* ViewController.swift */ = {isa = PBXFileReference; lastKnownFileType = sourcecode.swift; path = ViewController.swift; sourceTree = "<group>"; };
		8D34EF7723E4818900E37F4D /* Base */ = {isa = PBXFileReference; lastKnownFileType = file.storyboard; name = Base; path = Base.lproj/Main.storyboard; sourceTree = "<group>"; };
		8D34EF7923E4818A00E37F4D /* Assets.xcassets */ = {isa = PBXFileReference; lastKnownFileType = folder.assetcatalog; path = Assets.xcassets; sourceTree = "<group>"; };
		8D34EF7C23E4818A00E37F4D /* Base */ = {isa = PBXFileReference; lastKnownFileType = file.storyboard; name = Base; path = Base.lproj/LaunchScreen.storyboard; sourceTree = "<group>"; };
		8D34EF7E23E4818A00E37F4D /* Info.plist */ = {isa = PBXFileReference; lastKnownFileType = text.plist.xml; path = Info.plist; sourceTree = "<group>"; };
		8D34EF8323E4818A00E37F4D /* windowshopperappTests.xctest */ = {isa = PBXFileReference; explicitFileType = wrapper.cfbundle; includeInIndex = 0; path = windowshopperappTests.xctest; sourceTree = BUILT_PRODUCTS_DIR; };
		8D34EF8723E4818A00E37F4D /* windowshopperappTests.swift */ = {isa = PBXFileReference; lastKnownFileType = sourcecode.swift; path = windowshopperappTests.swift; sourceTree = "<group>"; };
		8D34EF8923E4818A00E37F4D /* Info.plist */ = {isa = PBXFileReference; lastKnownFileType = text.plist.xml; path = Info.plist; sourceTree = "<group>"; };
		8D34EF8E23E4818A00E37F4D /* windowshopperappUITests.xctest */ = {isa = PBXFileReference; explicitFileType = wrapper.cfbundle; includeInIndex = 0; path = windowshopperappUITests.xctest; sourceTree = BUILT_PRODUCTS_DIR; };
		8D34EF9223E4818A00E37F4D /* windowshopperappUITests.swift */ = {isa = PBXFileReference; lastKnownFileType = sourcecode.swift; path = windowshopperappUITests.swift; sourceTree = "<group>"; };
		8D34EF9423E4818A00E37F4D /* Info.plist */ = {isa = PBXFileReference; lastKnownFileType = text.plist.xml; path = Info.plist; sourceTree = "<group>"; };
		8D34EFA223E4834D00E37F4D /* CurrencyTextField.swift */ = {isa = PBXFileReference; lastKnownFileType = sourcecode.swift; path = CurrencyTextField.swift; sourceTree = "<group>"; };
		8D34EFA523E48A1A00E37F4D /* Wage.swift */ = {isa = PBXFileReference; lastKnownFileType = sourcecode.swift; path = Wage.swift; sourceTree = "<group>"; };
/* End PBXFileReference section */

/* Begin PBXFrameworksBuildPhase section */
		8D34EF6A23E4818900E37F4D /* Frameworks */ = {
			isa = PBXFrameworksBuildPhase;
			buildActionMask = 2147483647;
			files = (
			);
			runOnlyForDeploymentPostprocessing = 0;
		};
		8D34EF8023E4818A00E37F4D /* Frameworks */ = {
			isa = PBXFrameworksBuildPhase;
			buildActionMask = 2147483647;
			files = (
			);
			runOnlyForDeploymentPostprocessing = 0;
		};
		8D34EF8B23E4818A00E37F4D /* Frameworks */ = {
			isa = PBXFrameworksBuildPhase;
			buildActionMask = 2147483647;
			files = (
			);
			runOnlyForDeploymentPostprocessing = 0;
		};
/* End PBXFrameworksBuildPhase section */

/* Begin PBXGroup section */
		8D34EF6423E4818900E37F4D = {
			isa = PBXGroup;
			children = (
				8D34EF6F23E4818900E37F4D /* windowshopperapp */,
				8D34EF8623E4818A00E37F4D /* windowshopperappTests */,
				8D34EF9123E4818A00E37F4D /* windowshopperappUITests */,
				8D34EF6E23E4818900E37F4D /* Products */,
			);
			sourceTree = "<group>";
		};
		8D34EF6E23E4818900E37F4D /* Products */ = {
			isa = PBXGroup;
			children = (
				8D34EF6D23E4818900E37F4D /* windowshopperapp.app */,
				8D34EF8323E4818A00E37F4D /* windowshopperappTests.xctest */,
				8D34EF8E23E4818A00E37F4D /* windowshopperappUITests.xctest */,
			);
			name = Products;
			sourceTree = "<group>";
		};
		8D34EF6F23E4818900E37F4D /* windowshopperapp */ = {
			isa = PBXGroup;
			children = (
				8D34EFA423E48A0D00E37F4D /* Model */,
				8D34EFA123E4832F00E37F4D /* View */,
				8D34EFA023E4820500E37F4D /* Controller */,
				8D34EF7023E4818900E37F4D /* AppDelegate.swift */,
				8D34EF7223E4818900E37F4D /* SceneDelegate.swift */,
				8D34EF7623E4818900E37F4D /* Main.storyboard */,
				8D34EF7923E4818A00E37F4D /* Assets.xcassets */,
				8D34EF7B23E4818A00E37F4D /* LaunchScreen.storyboard */,
				8D34EF7E23E4818A00E37F4D /* Info.plist */,
			);
			path = windowshopperapp;
			sourceTree = "<group>";
		};
		8D34EF8623E4818A00E37F4D /* windowshopperappTests */ = {
			isa = PBXGroup;
			children = (
				8D34EF8723E4818A00E37F4D /* windowshopperappTests.swift */,
				8D34EF8923E4818A00E37F4D /* Info.plist */,
			);
			path = windowshopperappTests;
			sourceTree = "<group>";
		};
		8D34EF9123E4818A00E37F4D /* windowshopperappUITests */ = {
			isa = PBXGroup;
			children = (
				8D34EF9223E4818A00E37F4D /* windowshopperappUITests.swift */,
				8D34EF9423E4818A00E37F4D /* Info.plist */,
			);
			path = windowshopperappUITests;
			sourceTree = "<group>";
		};
		8D34EFA023E4820500E37F4D /* Controller */ = {
			isa = PBXGroup;
			children = (
				8D34EF7423E4818900E37F4D /* ViewController.swift */,
			);
			path = Controller;
			sourceTree = "<group>";
		};
		8D34EFA123E4832F00E37F4D /* View */ = {
			isa = PBXGroup;
			children = (
				8D34EFA223E4834D00E37F4D /* CurrencyTextField.swift */,
			);
			path = View;
			sourceTree = "<group>";
		};
		8D34EFA423E48A0D00E37F4D /* Model */ = {
			isa = PBXGroup;
			children = (
				8D34EFA523E48A1A00E37F4D /* Wage.swift */,
			);
			path = Model;
			sourceTree = "<group>";
		};
/* End PBXGroup section */

/* Begin PBXNativeTarget section */
		8D34EF6C23E4818900E37F4D /* windowshopperapp */ = {
			isa = PBXNativeTarget;
			buildConfigurationList = 8D34EF9723E4818A00E37F4D /* Build configuration list for PBXNativeTarget "windowshopperapp" */;
			buildPhases = (
				8D34EF6923E4818900E37F4D /* Sources */,
				8D34EF6A23E4818900E37F4D /* Frameworks */,
				8D34EF6B23E4818900E37F4D /* Resources */,
			);
			buildRules = (
			);
			dependencies = (
			);
			name = windowshopperapp;
			productName = windowshopperapp;
			productReference = 8D34EF6D23E4818900E37F4D /* windowshopperapp.app */;
			productType = "com.apple.product-type.application";
		};
		8D34EF8223E4818A00E37F4D /* windowshopperappTests */ = {
			isa = PBXNativeTarget;
			buildConfigurationList = 8D34EF9A23E4818A00E37F4D /* Build configuration list for PBXNativeTarget "windowshopperappTests" */;
			buildPhases = (
				8D34EF7F23E4818A00E37F4D /* Sources */,
				8D34EF8023E4818A00E37F4D /* Frameworks */,
				8D34EF8123E4818A00E37F4D /* Resources */,
			);
			buildRules = (
			);
			dependencies = (
				8D34EF8523E4818A00E37F4D /* PBXTargetDependency */,
			);
			name = windowshopperappTests;
			productName = windowshopperappTests;
			productReference = 8D34EF8323E4818A00E37F4D /* windowshopperappTests.xctest */;
			productType = "com.apple.product-type.bundle.unit-test";
		};
		8D34EF8D23E4818A00E37F4D /* windowshopperappUITests */ = {
			isa = PBXNativeTarget;
			buildConfigurationList = 8D34EF9D23E4818A00E37F4D /* Build configuration list for PBXNativeTarget "windowshopperappUITests" */;
			buildPhases = (
				8D34EF8A23E4818A00E37F4D /* Sources */,
				8D34EF8B23E4818A00E37F4D /* Frameworks */,
				8D34EF8C23E4818A00E37F4D /* Resources */,
			);
			buildRules = (
			);
			dependencies = (
				8D34EF9023E4818A00E37F4D /* PBXTargetDependency */,
			);
			name = windowshopperappUITests;
			productName = windowshopperappUITests;
			productReference = 8D34EF8E23E4818A00E37F4D /* windowshopperappUITests.xctest */;
			productType = "com.apple.product-type.bundle.ui-testing";
		};
/* End PBXNativeTarget section */

/* Begin PBXProject section */
		8D34EF6523E4818900E37F4D /* Project object */ = {
			isa = PBXProject;
			attributes = {
				LastSwiftUpdateCheck = 1130;
				LastUpgradeCheck = 1130;
				ORGANIZATIONNAME = dwirandyh.com;
				TargetAttributes = {
					8D34EF6C23E4818900E37F4D = {
						CreatedOnToolsVersion = 11.3.1;
					};
					8D34EF8223E4818A00E37F4D = {
						CreatedOnToolsVersion = 11.3.1;
						TestTargetID = 8D34EF6C23E4818900E37F4D;
					};
					8D34EF8D23E4818A00E37F4D = {
						CreatedOnToolsVersion = 11.3.1;
						TestTargetID = 8D34EF6C23E4818900E37F4D;
					};
				};
			};
			buildConfigurationList = 8D34EF6823E4818900E37F4D /* Build configuration list for PBXProject "windowshopperapp" */;
			compatibilityVersion = "Xcode 9.3";
			developmentRegion = en;
			hasScannedForEncodings = 0;
			knownRegions = (
				en,
				Base,
			);
			mainGroup = 8D34EF6423E4818900E37F4D;
			productRefGroup = 8D34EF6E23E4818900E37F4D /* Products */;
			projectDirPath = "";
			projectRoot = "";
			targets = (
				8D34EF6C23E4818900E37F4D /* windowshopperapp */,
				8D34EF8223E4818A00E37F4D /* windowshopperappTests */,
				8D34EF8D23E4818A00E37F4D /* windowshopperappUITests */,
			);
		};
/* End PBXProject section */

/* Begin PBXResourcesBuildPhase section */
		8D34EF6B23E4818900E37F4D /* Resources */ = {
			isa = PBXResourcesBuildPhase;
			buildActionMask = 2147483647;
			files = (
				8D34EF7D23E4818A00E37F4D /* LaunchScreen.storyboard in Resources */,
				8D34EF7A23E4818A00E37F4D /* Assets.xcassets in Resources */,
				8D34EF7823E4818900E37F4D /* Main.storyboard in Resources */,
			);
			runOnlyForDeploymentPostprocessing = 0;
		};
		8D34EF8123E4818A00E37F4D /* Resources */ = {
			isa = PBXResourcesBuildPhase;
			buildActionMask = 2147483647;
			files = (
			);
			runOnlyForDeploymentPostprocessing = 0;
		};
		8D34EF8C23E4818A00E37F4D /* Resources */ = {
			isa = PBXResourcesBuildPhase;
			buildActionMask = 2147483647;
			files = (
			);
			runOnlyForDeploymentPostprocessing = 0;
		};
/* End PBXResourcesBuildPhase section */

/* Begin PBXSourcesBuildPhase section */
		8D34EF6923E4818900E37F4D /* Sources */ = {
			isa = PBXSourcesBuildPhase;
			buildActionMask = 2147483647;
			files = (
				8D34EF7523E4818900E37F4D /* ViewController.swift in Sources */,
				8D34EF7123E4818900E37F4D /* AppDelegate.swift in Sources */,
				8D34EFA623E48A1A00E37F4D /* Wage.swift in Sources */,
				8D34EFA323E4834D00E37F4D /* CurrencyTextField.swift in Sources */,
				8D34EF7323E4818900E37F4D /* SceneDelegate.swift in Sources */,
			);
			runOnlyForDeploymentPostprocessing = 0;
		};
		8D34EF7F23E4818A00E37F4D /* Sources */ = {
			isa = PBXSourcesBuildPhase;
			buildActionMask = 2147483647;
			files = (
				8D34EF8823E4818A00E37F4D /* windowshopperappTests.swift in Sources */,
				8D34EFA723E48B7D00E37F4D /* Wage.swift in Sources */,
			);
			runOnlyForDeploymentPostprocessing = 0;
		};
		8D34EF8A23E4818A00E37F4D /* Sources */ = {
			isa = PBXSourcesBuildPhase;
			buildActionMask = 2147483647;
			files = (
				8D34EF9323E4818A00E37F4D /* windowshopperappUITests.swift in Sources */,
				8D34EFA823E48B7E00E37F4D /* Wage.swift in Sources */,
			);
			runOnlyForDeploymentPostprocessing = 0;
		};
/* End PBXSourcesBuildPhase section */

/* Begin PBXTargetDependency section */
		8D34EF8523E4818A00E37F4D /* PBXTargetDependency */ = {
			isa = PBXTargetDependency;
			target = 8D34EF6C23E4818900E37F4D /* windowshopperapp */;
			targetProxy = 8D34EF8423E4818A00E37F4D /* PBXContainerItemProxy */;
		};
		8D34EF9023E4818A00E37F4D /* PBXTargetDependency */ = {
			isa = PBXTargetDependency;
			target = 8D34EF6C23E4818900E37F4D /* windowshopperapp */;
			targetProxy = 8D34EF8F23E4818A00E37F4D /* PBXContainerItemProxy */;
		};
/* End PBXTargetDependency section */

/* Begin PBXVariantGroup section */
		8D34EF7623E4818900E37F4D /* Main.storyboard */ = {
			isa = PBXVariantGroup;
			children = (
				8D34EF7723E4818900E37F4D /* Base */,
			);
			name = Main.storyboard;
			sourceTree = "<group>";
		};
		8D34EF7B23E4818A00E37F4D /* LaunchScreen.storyboard */ = {
			isa = PBXVariantGroup;
			children = (
				8D34EF7C23E4818A00E37F4D /* Base */,
			);
			name = LaunchScreen.storyboard;
			sourceTree = "<group>";
		};
/* End PBXVariantGroup section */

/* Begin XCBuildConfiguration section */
		8D34EF9523E4818A00E37F4D /* Debug */ = {
			isa = XCBuildConfiguration;
			buildSettings = {
				ALWAYS_SEARCH_USER_PATHS = NO;
				CLANG_ANALYZER_NONNULL = YES;
				CLANG_ANALYZER_NUMBER_OBJECT_CONVERSION = YES_AGGRESSIVE;
				CLANG_CXX_LANGUAGE_STANDARD = "gnu++14";
				CLANG_CXX_LIBRARY = "libc++";
				CLANG_ENABLE_MODULES = YES;
				CLANG_ENABLE_OBJC_ARC = YES;
				CLANG_ENABLE_OBJC_WEAK = YES;
				CLANG_WARN_BLOCK_CAPTURE_AUTORELEASING = YES;
				CLANG_WARN_BOOL_CONVERSION = YES;
				CLANG_WARN_COMMA = YES;
				CLANG_WARN_CONSTANT_CONVERSION = YES;
				CLANG_WARN_DEPRECATED_OBJC_IMPLEMENTATIONS = YES;
				CLANG_WARN_DIRECT_OBJC_ISA_USAGE = YES_ERROR;
				CLANG_WARN_DOCUMENTATION_COMMENTS = YES;
				CLANG_WARN_EMPTY_BODY = YES;
				CLANG_WARN_ENUM_CONVERSION = YES;
				CLANG_WARN_INFINITE_RECURSION = YES;
				CLANG_WARN_INT_CONVERSION = YES;
				CLANG_WARN_NON_LITERAL_NULL_CONVERSION = YES;
				CLANG_WARN_OBJC_IMPLICIT_RETAIN_SELF = YES;
				CLANG_WARN_OBJC_LITERAL_CONVERSION = YES;
				CLANG_WARN_OBJC_ROOT_CLASS = YES_ERROR;
				CLANG_WARN_RANGE_LOOP_ANALYSIS = YES;
				CLANG_WARN_STRICT_PROTOTYPES = YES;
				CLANG_WARN_SUSPICIOUS_MOVE = YES;
				CLANG_WARN_UNGUARDED_AVAILABILITY = YES_AGGRESSIVE;
				CLANG_WARN_UNREACHABLE_CODE = YES;
				CLANG_WARN__DUPLICATE_METHOD_MATCH = YES;
				COPY_PHASE_STRIP = NO;
				DEBUG_INFORMATION_FORMAT = dwarf;
				ENABLE_STRICT_OBJC_MSGSEND = YES;
				ENABLE_TESTABILITY = YES;
				GCC_C_LANGUAGE_STANDARD = gnu11;
				GCC_DYNAMIC_NO_PIC = NO;
				GCC_NO_COMMON_BLOCKS = YES;
				GCC_OPTIMIZATION_LEVEL = 0;
				GCC_PREPROCESSOR_DEFINITIONS = (
					"DEBUG=1",
					"$(inherited)",
				);
				GCC_WARN_64_TO_32_BIT_CONVERSION = YES;
				GCC_WARN_ABOUT_RETURN_TYPE = YES_ERROR;
				GCC_WARN_UNDECLARED_SELECTOR = YES;
				GCC_WARN_UNINITIALIZED_AUTOS = YES_AGGRESSIVE;
				GCC_WARN_UNUSED_FUNCTION = YES;
				GCC_WARN_UNUSED_VARIABLE = YES;
				IPHONEOS_DEPLOYMENT_TARGET = 13.2;
				MTL_ENABLE_DEBUG_INFO = INCLUDE_SOURCE;
				MTL_FAST_MATH = YES;
				ONLY_ACTIVE_ARCH = YES;
				SDKROOT = iphoneos;
				SWIFT_ACTIVE_COMPILATION_CONDITIONS = DEBUG;
				SWIFT_OPTIMIZATION_LEVEL = "-Onone";
			};
			name = Debug;
		};
		8D34EF9623E4818A00E37F4D /* Release */ = {
			isa = XCBuildConfiguration;
			buildSettings = {
				ALWAYS_SEARCH_USER_PATHS = NO;
				CLANG_ANALYZER_NONNULL = YES;
				CLANG_ANALYZER_NUMBER_OBJECT_CONVERSION = YES_AGGRESSIVE;
				CLANG_CXX_LANGUAGE_STANDARD = "gnu++14";
				CLANG_CXX_LIBRARY = "libc++";
				CLANG_ENABLE_MODULES = YES;
				CLANG_ENABLE_OBJC_ARC = YES;
				CLANG_ENABLE_OBJC_WEAK = YES;
				CLANG_WARN_BLOCK_CAPTURE_AUTORELEASING = YES;
				CLANG_WARN_BOOL_CONVERSION = YES;
				CLANG_WARN_COMMA = YES;
				CLANG_WARN_CONSTANT_CONVERSION = YES;
				CLANG_WARN_DEPRECATED_OBJC_IMPLEMENTATIONS = YES;
				CLANG_WARN_DIRECT_OBJC_ISA_USAGE = YES_ERROR;
				CLANG_WARN_DOCUMENTATION_COMMENTS = YES;
				CLANG_WARN_EMPTY_BODY = YES;
				CLANG_WARN_ENUM_CONVERSION = YES;
				CLANG_WARN_INFINITE_RECURSION = YES;
				CLANG_WARN_INT_CONVERSION = YES;
				CLANG_WARN_NON_LITERAL_NULL_CONVERSION = YES;
				CLANG_WARN_OBJC_IMPLICIT_RETAIN_SELF = YES;
				CLANG_WARN_OBJC_LITERAL_CONVERSION = YES;
				CLANG_WARN_OBJC_ROOT_CLASS = YES_ERROR;
				CLANG_WARN_RANGE_LOOP_ANALYSIS = YES;
				CLANG_WARN_STRICT_PROTOTYPES = YES;
				CLANG_WARN_SUSPICIOUS_MOVE = YES;
				CLANG_WARN_UNGUARDED_AVAILABILITY = YES_AGGRESSIVE;
				CLANG_WARN_UNREACHABLE_CODE = YES;
				CLANG_WARN__DUPLICATE_METHOD_MATCH = YES;
				COPY_PHASE_STRIP = NO;
				DEBUG_INFORMATION_FORMAT = "dwarf-with-dsym";
				ENABLE_NS_ASSERTIONS = NO;
				ENABLE_STRICT_OBJC_MSGSEND = YES;
				GCC_C_LANGUAGE_STANDARD = gnu11;
				GCC_NO_COMMON_BLOCKS = YES;
				GCC_WARN_64_TO_32_BIT_CONVERSION = YES;
				GCC_WARN_ABOUT_RETURN_TYPE = YES_ERROR;
				GCC_WARN_UNDECLARED_SELECTOR = YES;
				GCC_WARN_UNINITIALIZED_AUTOS = YES_AGGRESSIVE;
				GCC_WARN_UNUSED_FUNCTION = YES;
				GCC_WARN_UNUSED_VARIABLE = YES;
				IPHONEOS_DEPLOYMENT_TARGET = 13.2;
				MTL_ENABLE_DEBUG_INFO = NO;
				MTL_FAST_MATH = YES;
				SDKROOT = iphoneos;
				SWIFT_COMPILATION_MODE = wholemodule;
				SWIFT_OPTIMIZATION_LEVEL = "-O";
				VALIDATE_PRODUCT = YES;
			};
			name = Release;
		};
		8D34EF9823E4818A00E37F4D /* Debug */ = {
			isa = XCBuildConfiguration;
			buildSettings = {
				ASSETCATALOG_COMPILER_APPICON_NAME = AppIcon;
				CODE_SIGN_STYLE = Automatic;
				DEVELOPMENT_TEAM = 5B2L4KSFG2;
				INFOPLIST_FILE = windowshopperapp/Info.plist;
				LD_RUNPATH_SEARCH_PATHS = (
					"$(inherited)",
					"@executable_path/Frameworks",
				);
				PRODUCT_BUNDLE_IDENTIFIER = com.dwirandyh.windowshopperapp;
				PRODUCT_NAME = "$(TARGET_NAME)";
				SWIFT_VERSION = 5.0;
				TARGETED_DEVICE_FAMILY = "1,2";
			};
			name = Debug;
		};
		8D34EF9923E4818A00E37F4D /* Release */ = {
			isa = XCBuildConfiguration;
			buildSettings = {
				ASSETCATALOG_COMPILER_APPICON_NAME = AppIcon;
				CODE_SIGN_STYLE = Automatic;
				DEVELOPMENT_TEAM = 5B2L4KSFG2;
				INFOPLIST_FILE = windowshopperapp/Info.plist;
				LD_RUNPATH_SEARCH_PATHS = (
					"$(inherited)",
					"@executable_path/Frameworks",
				);
				PRODUCT_BUNDLE_IDENTIFIER = com.dwirandyh.windowshopperapp;
				PRODUCT_NAME = "$(TARGET_NAME)";
				SWIFT_VERSION = 5.0;
				TARGETED_DEVICE_FAMILY = "1,2";
			};
			name = Release;
		};
		8D34EF9B23E4818A00E37F4D /* Debug */ = {
			isa = XCBuildConfiguration;
			buildSettings = {
				ALWAYS_EMBED_SWIFT_STANDARD_LIBRARIES = YES;
				BUNDLE_LOADER = "$(TEST_HOST)";
				CODE_SIGN_STYLE = Automatic;
				DEVELOPMENT_TEAM = 5B2L4KSFG2;
				INFOPLIST_FILE = windowshopperappTests/Info.plist;
				IPHONEOS_DEPLOYMENT_TARGET = 13.2;
				LD_RUNPATH_SEARCH_PATHS = (
					"$(inherited)",
					"@executable_path/Frameworks",
					"@loader_path/Frameworks",
				);
				PRODUCT_BUNDLE_IDENTIFIER = com.dwirandyh.windowshopperappTests;
				PRODUCT_NAME = "$(TARGET_NAME)";
				SWIFT_VERSION = 5.0;
				TARGETED_DEVICE_FAMILY = "1,2";
				TEST_HOST = "$(BUILT_PRODUCTS_DIR)/windowshopperapp.app/windowshopperapp";
			};
			name = Debug;
		};
		8D34EF9C23E4818A00E37F4D /* Release */ = {
			isa = XCBuildConfiguration;
			buildSettings = {
				ALWAYS_EMBED_SWIFT_STANDARD_LIBRARIES = YES;
				BUNDLE_LOADER = "$(TEST_HOST)";
				CODE_SIGN_STYLE = Automatic;
				DEVELOPMENT_TEAM = 5B2L4KSFG2;
				INFOPLIST_FILE = windowshopperappTests/Info.plist;
				IPHONEOS_DEPLOYMENT_TARGET = 13.2;
				LD_RUNPATH_SEARCH_PATHS = (
					"$(inherited)",
					"@executable_path/Frameworks",
					"@loader_path/Frameworks",
				);
				PRODUCT_BUNDLE_IDENTIFIER = com.dwirandyh.windowshopperappTests;
				PRODUCT_NAME = "$(TARGET_NAME)";
				SWIFT_VERSION = 5.0;
				TARGETED_DEVICE_FAMILY = "1,2";
				TEST_HOST = "$(BUILT_PRODUCTS_DIR)/windowshopperapp.app/windowshopperapp";
			};
			name = Release;
		};
		8D34EF9E23E4818A00E37F4D /* Debug */ = {
			isa = XCBuildConfiguration;
			buildSettings = {
				ALWAYS_EMBED_SWIFT_STANDARD_LIBRARIES = YES;
				CODE_SIGN_STYLE = Automatic;
				DEVELOPMENT_TEAM = 5B2L4KSFG2;
				INFOPLIST_FILE = windowshopperappUITests/Info.plist;
				LD_RUNPATH_SEARCH_PATHS = (
					"$(inherited)",
					"@executable_path/Frameworks",
					"@loader_path/Frameworks",
				);
				PRODUCT_BUNDLE_IDENTIFIER = com.dwirandyh.windowshopperappUITests;
				PRODUCT_NAME = "$(TARGET_NAME)";
				SWIFT_VERSION = 5.0;
				TARGETED_DEVICE_FAMILY = "1,2";
				TEST_TARGET_NAME = windowshopperapp;
			};
			name = Debug;
		};
		8D34EF9F23E4818A00E37F4D /* Release */ = {
			isa = XCBuildConfiguration;
			buildSettings = {
				ALWAYS_EMBED_SWIFT_STANDARD_LIBRARIES = YES;
				CODE_SIGN_STYLE = Automatic;
				DEVELOPMENT_TEAM = 5B2L4KSFG2;
				INFOPLIST_FILE = windowshopperappUITests/Info.plist;
				LD_RUNPATH_SEARCH_PATHS = (
					"$(inherited)",
					"@executable_path/Frameworks",
					"@loader_path/Frameworks",
				);
				PRODUCT_BUNDLE_IDENTIFIER = com.dwirandyh.windowshopperappUITests;
				PRODUCT_NAME = "$(TARGET_NAME)";
				SWIFT_VERSION = 5.0;
				TARGETED_DEVICE_FAMILY = "1,2";
				TEST_TARGET_NAME = windowshopperapp;
			};
			name = Release;
		};
/* End XCBuildConfiguration section */

/* Begin XCConfigurationList section */
		8D34EF6823E4818900E37F4D /* Build configuration list for PBXProject "windowshopperapp" */ = {
			isa = XCConfigurationList;
			buildConfigurations = (
				8D34EF9523E4818A00E37F4D /* Debug */,
				8D34EF9623E4818A00E37F4D /* Release */,
			);
			defaultConfigurationIsVisible = 0;
			defaultConfigurationName = Release;
		};
		8D34EF9723E4818A00E37F4D /* Build configuration list for PBXNativeTarget "windowshopperapp" */ = {
			isa = XCConfigurationList;
			buildConfigurations = (
				8D34EF9823E4818A00E37F4D /* Debug */,
				8D34EF9923E4818A00E37F4D /* Release */,
			);
			defaultConfigurationIsVisible = 0;
			defaultConfigurationName = Release;
		};
		8D34EF9A23E4818A00E37F4D /* Build configuration list for PBXNativeTarget "windowshopperappTests" */ = {
			isa = XCConfigurationList;
			buildConfigurations = (
				8D34EF9B23E4818A00E37F4D /* Debug */,
				8D34EF9C23E4818A00E37F4D /* Release */,
			);
			defaultConfigurationIsVisible = 0;
			defaultConfigurationName = Release;
		};
		8D34EF9D23E4818A00E37F4D /* Build configuration list for PBXNativeTarget "windowshopperappUITests" */ = {
			isa = XCConfigurationList;
			buildConfigurations = (
				8D34EF9E23E4818A00E37F4D /* Debug */,
				8D34EF9F23E4818A00E37F4D /* Release */,
			);
			defaultConfigurationIsVisible = 0;
			defaultConfigurationName = Release;
		};
/* End XCConfigurationList section */
	};
	rootObject = 8D34EF6523E4818900E37F4D /* Project object */;
}
